{
  "name": "test-npm",
  "version": "1.0.0",
  "lockfileVersion": 1,
  "requires": true,
  "dependencies": {
    "@equinor/eds-tokens": {
      "version": "0.1.0",
      "resolved": "https://registry.npmjs.org/@equinor/eds-tokens/-/eds-tokens-0.1.0.tgz",
      "integrity": "sha512-NX1r4RJxIuosIhPB0mNPjVn3JmvbPFs15hMdZodgVmqC6Uq6LyL9TlBDp2cicbJzDePUt3zmA5O8m2hBYdx3YA=="
    },
    "@equinor/equinor-logo": {
      "version": "1.0.7",
      "resolved": "https://npm.pkg.github.com/download/@equinor/equinor-logo/1.0.7/1600435f1f88682ae9f01f6baae2b0fbb6131473ab656c6419b69e789970b251",
      "integrity": "sha512-7I9RwS//u6Mb0MpAfxu4LSSdAD2Ue0pkwslWLZIIIqaIp4HVRhEQ+27bWHE0Swy9gs1T3yYapxiHTnROHgdouA=="
    }
  }
}
